
Microsoft Visual Studio Solution File, Format Version 12.00
# Visual Studio Version 17
VisualStudioVersion = 17.3.32929.385
MinimumVisualStudioVersion = 10.0.40219.1
Project("{FAE04EC0-301F-11D3-BF4B-00C04F79EFBC}") = "[作業(Exec_RemoveCollectionItems )]-21謝孟勳", "[作業(Exec_RemoveCollectionItems )]-21謝孟勳\[作業(Exec_RemoveCollectionItems )]-21謝孟勳.csproj", "{ED3F622E-29B5-4FDE-BE1E-BCEE95BC1DE2}"
EndProject
Global
	GlobalSection(SolutionConfigurationPlatforms) = preSolution
		Debug|Any CPU = Debug|Any CPU
		Release|Any CPU = Release|Any CPU
	EndGlobalSection
	GlobalSection(ProjectConfigurationPlatforms) = postSolution
		{ED3F622E-29B5-4FDE-BE1E-BCEE95BC1DE2}.Debug|Any CPU.ActiveCfg = Debug|Any CPU
		{ED3F622E-29B5-4FDE-BE1E-BCEE95BC1DE2}.Debug|Any CPU.Build.0 = Debug|Any CPU
		{ED3F622E-29B5-4FDE-BE1E-BCEE95BC1DE2}.Release|Any CPU.ActiveCfg = Release|Any CPU
		{ED3F622E-29B5-4FDE-BE1E-BCEE95BC1DE2}.Release|Any CPU.Build.0 = Release|Any CPU
	EndGlobalSection
	GlobalSection(SolutionProperties) = preSolution
		HideSolutionNode = FALSE
	EndGlobalSection
	GlobalSection(ExtensibilityGlobals) = postSolution
		SolutionGuid = {ABB1AE70-0DAB-4C3C-9DC0-379F5A7E78DE}
	EndGlobalSection
EndGlobal
